github.com/jhunt/go-ansi v0.0.0-20171120214513-52b391f2c38f h1:PTMStXfVTLSPBm1MyQ9HslFVAfvTo7YZj1a4kqmd5Ug=
github.com/jhunt/go-ansi v0.0.0-20171120214513-52b391f2c38f/go.mod h1:zx5sSmwzYAXhfPcRBU7SuiAwK+8vC/LTgAoHyJiclzI=
github.com/jhunt/go-ansi v0.0.0-20181127194324-5fd839f108b6 h1:qAlBkfBj+4aW68SdlhlAiWx+hy7vmchlcAZQRAJFhFI=
github.com/jhunt/go-ansi v0.0.0-20181127194324-5fd839f108b6/go.mod h1:zx5sSmwzYAXhfPcRBU7SuiAwK+8vC/LTgAoHyJiclzI=
github.com/jhunt/go-cli v0.0.0-20170724161755-12ea52d7919b h1:GOkWZXJV20lJwXDrNF6pyv252We30mH81vJ3p4F8HuI=
github.com/jhunt/go-cli v0.0.0-20170724161755-12ea52d7919b/go.mod h1:4FMJrayGZOn7IjEvttdG3BYK1M9HuKvSNa04THRry0I=
github.com/jhunt/go-cli v0.0.0-20180120230054-44398e595118 h1:pJkfnav319gBFbol0av+PamHMB2BZ/zocxt6V2dH6+M=
github.com/jhunt/go-cli v0.0.0-20180120230054-44398e595118/go.mod h1:4FMJrayGZOn7IjEvttdG3BYK1M9HuKvSNa04THRry0I=
github.com/jhunt/go-envirotron v0.0.0-20171017043611-8bdb90f72b39 h1:3IASOK7xCNcsH6XVbKTDR6nwN1EkQthpRidCLx3PGPw=
github.com/jhunt/go-envirotron v0.0.0-20171017043611-8bdb90f72b39/go.mod h1:QWmflKt1GHM1Vw7iSqF7CIlbcninGfyRjqjecXjchlU=
github.com/jhunt/go-envirotron v0.0.0-20191007155228-c8f2a184ad0f h1:C2Z+D/WhnixDp/q8+MoyqUlhZIAJvFhWwsGOjJqBG2s=
github.com/jhunt/go-envirotron v0.0.0-20191007155228-c8f2a184ad0f/go.mod h1:QWmflKt1GHM1Vw7iSqF7CIlbcninGfyRjqjecXjchlU=
github.com/jhunt/go-s3 v0.0.0-20200530154331-7efb75fe8c97 h1:bwNfkGZDUvI9NyRDCHJMvnVInbwJYCReoMoE+wwo5SU=
github.com/jhunt/go-s3 v0.0.0-20200530154331-7efb75fe8c97/go.mod h1:T1rgjGDT464RCHQOAwdd75hONnnCIDSLbRufPWiP0Kk=
github.com/jhunt/go-snapshot v0.0.0-20171017043618-9ad8f5ee37a2 h1:mGjsfupyBHFg4Gk01Oxw3OHqiBLnIGYbLbaYWRebmgc=
github.com/jhunt/go-snapshot v0.0.0-20171017043618-9ad8f5ee37a2/go.mod h1:oNu1YULLxQcu77xYyAN0Xb2YbEspiSwDSn9kPW2zRKU=
github.com/mattn/go-isatty v0.0.12 h1:wuysRhFDzyxgEmMf5xjvJ2M9dZoWAXNNr5LSBS7uHXY=
github.com/mattn/go-isatty v0.0.12/go.mod h1:cbi8OIDigv2wuxKPP5vlRcQ1OAZbq2CE4Kysco4FUpU=
golang.org/x/crypto v0.0.0-20190308221718-c2843e01d9a2/go.mod h1:djNgcEr1/C05ACkg1iLfiJU5Ep61QUkGW8qpdssI0+w=
golang.org/x/net v0.0.0-20171128172551-6921abc35dff h1:pdX52r+M5ygFqwLJvCKnFCLBqXqQ71jIYybR+BawQJ0=
golang.org/x/net v0.0.0-20171128172551-6921abc35dff/go.mod h1:mL1N/T3taQHkDXs73rZJwtUhF3w3ftmwwsq0BUmARs4=
golang.org/x/net v0.0.0-20200528225125-3c3fba18258b h1:IYiJPiJfzktmDAO1HQiwjMjwjlYKHAL7KzeD544RJPs=
golang.org/x/net v0.0.0-20200528225125-3c3fba18258b/go.mod h1:qpuaurCH72eLCgpAm/N6yyVIVM9cpaDIP3A8BGJEC5A=
golang.org/x/sys v0.0.0-20180313075820-8c0ece68c283/go.mod h1:STP8DvDyc/dI5b8T5hshtkjS+E42TnysNCUPdjciGhY=
golang.org/x/sys v0.0.0-20190215142949-d0b11bdaac8a/go.mod h1:STP8DvDyc/dI5b8T5hshtkjS+E42TnysNCUPdjciGhY=
golang.org/x/sys v0.0.0-20200116001909-b77594299b42 h1:vEOn+mP2zCOVzKckCZy6YsCtDblrpj/w7B9nxGNELpg=
golang.org/x/sys v0.0.0-20200116001909-b77594299b42/go.mod h1:h1NjWce9XRLGQEsW7wpKNCjG9DtNlClVuFLEZdDNbEs=
golang.org/x/sys v0.0.0-20200323222414-85ca7c5b95cd h1:xhmwyvizuTgC2qz7ZlMluP20uW+C3Rm0FD/WLDX8884=
golang.org/x/sys v0.0.0-20200323222414-85ca7c5b95cd/go.mod h1:h1NjWce9XRLGQEsW7wpKNCjG9DtNlClVuFLEZdDNbEs=
golang.org/x/text v0.3.0/go.mod h1:NqM8EUOU14njkJ3fqMW+pc6Ldnwhi/IjpwHt7yyuwOQ=
